{
  "name": "driverjs",
  "version": "1.0.0",
  "lockfileVersion": 3,
  "requires": true,
  "packages": {
    "": {
      "name": "driverjs",
      "version": "1.0.0",
      "license": "ISC",
      "dependencies": {
        "driver.js": "^1.3.0"
      }
    },
    "node_modules/driver.js": {
      "version": "1.3.0",
      "resolved": "https://registry.npmjs.org/driver.js/-/driver.js-1.3.0.tgz",
      "integrity": "sha512-ilUkVc5iMIYfMd8FdWy8n5Wv//gsJuRP+lo8QfWpwP9c0UGOgD7P9nVQMZwcdW84aqAZHHUHrV7GgiopAN6HUQ=="
    }
  }
}
